// !$*UTF8*$!
{
	archiveVersion = 1;
	classes = {
	};
	objectVersion = 54;
	objects = {

/* Begin PBXBuildFile section */
		495F9FAF2589F5250043E2F2 /* AppDelegate.swift in Sources */ = {isa = PBXBuildFile; fileRef = 495F9FAE2589F5250043E2F2 /* AppDelegate.swift */; };
		495F9FB12589F5250043E2F2 /* SceneDelegate.swift in Sources */ = {isa = PBXBuildFile; fileRef = 495F9FB02589F5250043E2F2 /* SceneDelegate.swift */; };
		495F9FB32589F5250043E2F2 /* WeatherViewController.swift in Sources */ = {isa = PBXBuildFile; fileRef = 495F9FB22589F5250043E2F2 /* WeatherViewController.swift */; };
		495F9FB62589F5250043E2F2 /* Main.storyboard in Resources */ = {isa = PBXBuildFile; fileRef = 495F9FB42589F5250043E2F2 /* Main.storyboard */; };
		495F9FB82589F5250043E2F2 /* Assets.xcassets in Resources */ = {isa = PBXBuildFile; fileRef = 495F9FB72589F5250043E2F2 /* Assets.xcassets */; };
		495F9FBB2589F5250043E2F2 /* LaunchScreen.storyboard in Resources */ = {isa = PBXBuildFile; fileRef = 495F9FB92589F5250043E2F2 /* LaunchScreen.storyboard */; };
		495F9FCB2589F6020043E2F2 /* WeatherModel.swift in Sources */ = {isa = PBXBuildFile; fileRef = 495F9FCA2589F6020043E2F2 /* WeatherModel.swift */; };
		495F9FCF2589F6100043E2F2 /* WeatherManager.swift in Sources */ = {isa = PBXBuildFile; fileRef = 495F9FCE2589F6100043E2F2 /* WeatherManager.swift */; };
		495F9FD22589F6250043E2F2 /* WeatherData.swift in Sources */ = {isa = PBXBuildFile; fileRef = 495F9FD12589F6250043E2F2 /* WeatherData.swift */; };
/* End PBXBuildFile section */

/* Begin PBXFileReference section */
		495F9FAB2589F5240043E2F2 /* ClimaApp.app */ = {isa = PBXFileReference; explicitFileType = wrapper.application; includeInIndex = 0; path = ClimaApp.app; sourceTree = BUILT_PRODUCTS_DIR; };
		495F9FAE2589F5250043E2F2 /* AppDelegate.swift */ = {isa = PBXFileReference; lastKnownFileType = sourcecode.swift; path = AppDelegate.swift; sourceTree = "<group>"; };
		495F9FB02589F5250043E2F2 /* SceneDelegate.swift */ = {isa = PBXFileReference; lastKnownFileType = sourcecode.swift; path = SceneDelegate.swift; sourceTree = "<group>"; };
		495F9FB22589F5250043E2F2 /* WeatherViewController.swift */ = {isa = PBXFileReference; lastKnownFileType = sourcecode.swift; path = WeatherViewController.swift; sourceTree = "<group>"; };
		495F9FB52589F5250043E2F2 /* Base */ = {isa = PBXFileReference; lastKnownFileType = file.storyboard; name = Base; path = Base.lproj/Main.storyboard; sourceTree = "<group>"; };
		495F9FB72589F5250043E2F2 /* Assets.xcassets */ = {isa = PBXFileReference; lastKnownFileType = folder.assetcatalog; path = Assets.xcassets; sourceTree = "<group>"; };
		495F9FBA2589F5250043E2F2 /* Base */ = {isa = PBXFileReference; lastKnownFileType = file.storyboard; name = Base; path = Base.lproj/LaunchScreen.storyboard; sourceTree = "<group>"; };
		495F9FBC2589F5250043E2F2 /* Info.plist */ = {isa = PBXFileReference; lastKnownFileType = text.plist.xml; path = Info.plist; sourceTree = "<group>"; };
		495F9FCA2589F6020043E2F2 /* WeatherModel.swift */ = {isa = PBXFileReference; lastKnownFileType = sourcecode.swift; path = WeatherModel.swift; sourceTree = "<group>"; };
		495F9FCE2589F6100043E2F2 /* WeatherManager.swift */ = {isa = PBXFileReference; lastKnownFileType = sourcecode.swift; path = WeatherManager.swift; sourceTree = "<group>"; };
		495F9FD12589F6250043E2F2 /* WeatherData.swift */ = {isa = PBXFileReference; lastKnownFileType = sourcecode.swift; path = WeatherData.swift; sourceTree = "<group>"; };
/* End PBXFileReference section */

/* Begin PBXFrameworksBuildPhase section */
		495F9FA82589F5240043E2F2 /* Frameworks */ = {
			isa = PBXFrameworksBuildPhase;
			buildActionMask = 2147483647;
			files = (
			);
			runOnlyForDeploymentPostprocessing = 0;
		};
/* End PBXFrameworksBuildPhase section */

/* Begin PBXGroup section */
		495F9FA22589F5240043E2F2 = {
			isa = PBXGroup;
			children = (
				495F9FAD2589F5240043E2F2 /* ClimaApp */,
				495F9FAC2589F5240043E2F2 /* Products */,
			);
			sourceTree = "<group>";
		};
		495F9FAC2589F5240043E2F2 /* Products */ = {
			isa = PBXGroup;
			children = (
				495F9FAB2589F5240043E2F2 /* ClimaApp.app */,
			);
			name = Products;
			sourceTree = "<group>";
		};
		495F9FAD2589F5240043E2F2 /* ClimaApp */ = {
			isa = PBXGroup;
			children = (
				495F9FAE2589F5250043E2F2 /* AppDelegate.swift */,
				495F9FB02589F5250043E2F2 /* SceneDelegate.swift */,
				495F9FC92589F5DD0043E2F2 /* Model */,
				495F9FC62589F5A40043E2F2 /* View */,
				495F9FC42589F59A0043E2F2 /* Controller */,
				495F9FB72589F5250043E2F2 /* Assets.xcassets */,
				495F9FB92589F5250043E2F2 /* LaunchScreen.storyboard */,
				495F9FBC2589F5250043E2F2 /* Info.plist */,
			);
			path = ClimaApp;
			sourceTree = "<group>";
		};
		495F9FC42589F59A0043E2F2 /* Controller */ = {
			isa = PBXGroup;
			children = (
				495F9FB22589F5250043E2F2 /* WeatherViewController.swift */,
			);
			path = Controller;
			sourceTree = "<group>";
		};
		495F9FC62589F5A40043E2F2 /* View */ = {
			isa = PBXGroup;
			children = (
				495F9FB42589F5250043E2F2 /* Main.storyboard */,
			);
			path = View;
			sourceTree = "<group>";
		};
		495F9FC92589F5DD0043E2F2 /* Model */ = {
			isa = PBXGroup;
			children = (
				495F9FCA2589F6020043E2F2 /* WeatherModel.swift */,
				495F9FCE2589F6100043E2F2 /* WeatherManager.swift */,
				495F9FD12589F6250043E2F2 /* WeatherData.swift */,
			);
			path = Model;
			sourceTree = "<group>";
		};
/* End PBXGroup section */

/* Begin PBXNativeTarget section */
		495F9FAA2589F5240043E2F2 /* ClimaApp */ = {
			isa = PBXNativeTarget;
			buildConfigurationList = 495F9FBF2589F5250043E2F2 /* Build configuration list for PBXNativeTarget "ClimaApp" */;
			buildPhases = (
				495F9FA72589F5240043E2F2 /* Sources */,
				495F9FA82589F5240043E2F2 /* Frameworks */,
				495F9FA92589F5240043E2F2 /* Resources */,
			);
			buildRules = (
			);
			dependencies = (
			);
			name = ClimaApp;
			productName = ClimaApp;
			productReference = 495F9FAB2589F5240043E2F2 /* ClimaApp.app */;
			productType = "com.apple.product-type.application";
		};
/* End PBXNativeTarget section */

/* Begin PBXProject section */
		495F9FA32589F5240043E2F2 /* Project object */ = {
			isa = PBXProject;
			attributes = {
				LastSwiftUpdateCheck = 1230;
				LastUpgradeCheck = 1230;
				TargetAttributes = {
					495F9FAA2589F5240043E2F2 = {
						CreatedOnToolsVersion = 12.3;
					};
				};
			};
			buildConfigurationList = 495F9FA62589F5240043E2F2 /* Build configuration list for PBXProject "ClimaApp" */;
			compatibilityVersion = "Xcode 12.0";
			developmentRegion = en;
			hasScannedForEncodings = 0;
			knownRegions = (
				en,
				Base,
			);
			mainGroup = 495F9FA22589F5240043E2F2;
			productRefGroup = 495F9FAC2589F5240043E2F2 /* Products */;
			projectDirPath = "";
			projectRoot = "";
			targets = (
				495F9FAA2589F5240043E2F2 /* ClimaApp */,
			);
		};
/* End PBXProject section */

/* Begin PBXResourcesBuildPhase section */
		495F9FA92589F5240043E2F2 /* Resources */ = {
			isa = PBXResourcesBuildPhase;
			buildActionMask = 2147483647;
			files = (
				495F9FBB2589F5250043E2F2 /* LaunchScreen.storyboard in Resources */,
				495F9FB82589F5250043E2F2 /* Assets.xcassets in Resources */,
				495F9FB62589F5250043E2F2 /* Main.storyboard in Resources */,
			);
			runOnlyForDeploymentPostprocessing = 0;
		};
/* End PBXResourcesBuildPhase section */

/* Begin PBXSourcesBuildPhase section */
		495F9FA72589F5240043E2F2 /* Sources */ = {
			isa = PBXSourcesBuildPhase;
			buildActionMask = 2147483647;
			files = (
				495F9FB32589F5250043E2F2 /* WeatherViewController.swift in Sources */,
				495F9FAF2589F5250043E2F2 /* AppDelegate.swift in Sources */,
				495F9FCF2589F6100043E2F2 /* WeatherManager.swift in Sources */,
				495F9FCB2589F6020043E2F2 /* WeatherModel.swift in Sources */,
				495F9FD22589F6250043E2F2 /* WeatherData.swift in Sources */,
				495F9FB12589F5250043E2F2 /* SceneDelegate.swift in Sources */,
			);
			runOnlyForDeploymentPostprocessing = 0;
		};
/* End PBXSourcesBuildPhase section */

/* Begin PBXVariantGroup section */
		495F9FB42589F5250043E2F2 /* Main.storyboard */ = {
			isa = PBXVariantGroup;
			children = (
				495F9FB52589F5250043E2F2 /* Base */,
			);
			name = Main.storyboard;
			sourceTree = "<group>";
		};
		495F9FB92589F5250043E2F2 /* LaunchScreen.storyboard */ = {
			isa = PBXVariantGroup;
			children = (
				495F9FBA2589F5250043E2F2 /* Base */,
			);
			name = LaunchScreen.storyboard;
			sourceTree = "<group>";
		};
/* End PBXVariantGroup section */

/* Begin XCBuildConfiguration section */
		495F9FBD2589F5250043E2F2 /* Debug */ = {
			isa = XCBuildConfiguration;
			buildSettings = {
				ALWAYS_SEARCH_USER_PATHS = NO;
				CLANG_ANALYZER_NONNULL = YES;
				CLANG_ANALYZER_NUMBER_OBJECT_CONVERSION = YES_AGGRESSIVE;
				CLANG_CXX_LANGUAGE_STANDARD = "gnu++14";
				CLANG_CXX_LIBRARY = "libc++";
				CLANG_ENABLE_MODULES = YES;
				CLANG_ENABLE_OBJC_ARC = YES;
				CLANG_ENABLE_OBJC_WEAK = YES;
				CLANG_WARN_BLOCK_CAPTURE_AUTORELEASING = YES;
				CLANG_WARN_BOOL_CONVERSION = YES;
				CLANG_WARN_COMMA = YES;
				CLANG_WARN_CONSTANT_CONVERSION = YES;
				CLANG_WARN_DEPRECATED_OBJC_IMPLEMENTATIONS = YES;
				CLANG_WARN_DIRECT_OBJC_ISA_USAGE = YES_ERROR;
				CLANG_WARN_DOCUMENTATION_COMMENTS = YES;
				CLANG_WARN_EMPTY_BODY = YES;
				CLANG_WARN_ENUM_CONVERSION = YES;
				CLANG_WARN_INFINITE_RECURSION = YES;
				CLANG_WARN_INT_CONVERSION = YES;
				CLANG_WARN_NON_LITERAL_NULL_CONVERSION = YES;
				CLANG_WARN_OBJC_IMPLICIT_RETAIN_SELF = YES;
				CLANG_WARN_OBJC_LITERAL_CONVERSION = YES;
				CLANG_WARN_OBJC_ROOT_CLASS = YES_ERROR;
				CLANG_WARN_QUOTED_INCLUDE_IN_FRAMEWORK_HEADER = YES;
				CLANG_WARN_RANGE_LOOP_ANALYSIS = YES;
				CLANG_WARN_STRICT_PROTOTYPES = YES;
				CLANG_WARN_SUSPICIOUS_MOVE = YES;
				CLANG_WARN_UNGUARDED_AVAILABILITY = YES_AGGRESSIVE;
				CLANG_WARN_UNREACHABLE_CODE = YES;
				CLANG_WARN__DUPLICATE_METHOD_MATCH = YES;
				COPY_PHASE_STRIP = NO;
				DEBUG_INFORMATION_FORMAT = dwarf;
				ENABLE_STRICT_OBJC_MSGSEND = YES;
				ENABLE_TESTABILITY = YES;
				GCC_C_LANGUAGE_STANDARD = gnu11;
				GCC_DYNAMIC_NO_PIC = NO;
				GCC_NO_COMMON_BLOCKS = YES;
				GCC_OPTIMIZATION_LEVEL = 0;
				GCC_PREPROCESSOR_DEFINITIONS = (
					"DEBUG=1",
					"$(inherited)",
				);
				GCC_WARN_64_TO_32_BIT_CONVERSION = YES;
				GCC_WARN_ABOUT_RETURN_TYPE = YES_ERROR;
				GCC_WARN_UNDECLARED_SELECTOR = YES;
				GCC_WARN_UNINITIALIZED_AUTOS = YES_AGGRESSIVE;
				GCC_WARN_UNUSED_FUNCTION = YES;
				GCC_WARN_UNUSED_VARIABLE = YES;
				IPHONEOS_DEPLOYMENT_TARGET = 14.3;
				MTL_ENABLE_DEBUG_INFO = INCLUDE_SOURCE;
				MTL_FAST_MATH = YES;
				ONLY_ACTIVE_ARCH = YES;
				SDKROOT = iphoneos;
				SWIFT_ACTIVE_COMPILATION_CONDITIONS = DEBUG;
				SWIFT_OPTIMIZATION_LEVEL = "-Onone";
			};
			name = Debug;
		};
		495F9FBE2589F5250043E2F2 /* Release */ = {
			isa = XCBuildConfiguration;
			buildSettings = {
				ALWAYS_SEARCH_USER_PATHS = NO;
				CLANG_ANALYZER_NONNULL = YES;
				CLANG_ANALYZER_NUMBER_OBJECT_CONVERSION = YES_AGGRESSIVE;
				CLANG_CXX_LANGUAGE_STANDARD = "gnu++14";
				CLANG_CXX_LIBRARY = "libc++";
				CLANG_ENABLE_MODULES = YES;
				CLANG_ENABLE_OBJC_ARC = YES;
				CLANG_ENABLE_OBJC_WEAK = YES;
				CLANG_WARN_BLOCK_CAPTURE_AUTORELEASING = YES;
				CLANG_WARN_BOOL_CONVERSION = YES;
				CLANG_WARN_COMMA = YES;
				CLANG_WARN_CONSTANT_CONVERSION = YES;
				CLANG_WARN_DEPRECATED_OBJC_IMPLEMENTATIONS = YES;
				CLANG_WARN_DIRECT_OBJC_ISA_USAGE = YES_ERROR;
				CLANG_WARN_DOCUMENTATION_COMMENTS = YES;
				CLANG_WARN_EMPTY_BODY = YES;
				CLANG_WARN_ENUM_CONVERSION = YES;
				CLANG_WARN_INFINITE_RECURSION = YES;
				CLANG_WARN_INT_CONVERSION = YES;
				CLANG_WARN_NON_LITERAL_NULL_CONVERSION = YES;
				CLANG_WARN_OBJC_IMPLICIT_RETAIN_SELF = YES;
				CLANG_WARN_OBJC_LITERAL_CONVERSION = YES;
				CLANG_WARN_OBJC_ROOT_CLASS = YES_ERROR;
				CLANG_WARN_QUOTED_INCLUDE_IN_FRAMEWORK_HEADER = YES;
				CLANG_WARN_RANGE_LOOP_ANALYSIS = YES;
				CLANG_WARN_STRICT_PROTOTYPES = YES;
				CLANG_WARN_SUSPICIOUS_MOVE = YES;
				CLANG_WARN_UNGUARDED_AVAILABILITY = YES_AGGRESSIVE;
				CLANG_WARN_UNREACHABLE_CODE = YES;
				CLANG_WARN__DUPLICATE_METHOD_MATCH = YES;
				COPY_PHASE_STRIP = NO;
				DEBUG_INFORMATION_FORMAT = "dwarf-with-dsym";
				ENABLE_NS_ASSERTIONS = NO;
				ENABLE_STRICT_OBJC_MSGSEND = YES;
				GCC_C_LANGUAGE_STANDARD = gnu11;
				GCC_NO_COMMON_BLOCKS = YES;
				GCC_WARN_64_TO_32_BIT_CONVERSION = YES;
				GCC_WARN_ABOUT_RETURN_TYPE = YES_ERROR;
				GCC_WARN_UNDECLARED_SELECTOR = YES;
				GCC_WARN_UNINITIALIZED_AUTOS = YES_AGGRESSIVE;
				GCC_WARN_UNUSED_FUNCTION = YES;
				GCC_WARN_UNUSED_VARIABLE = YES;
				IPHONEOS_DEPLOYMENT_TARGET = 14.3;
				MTL_ENABLE_DEBUG_INFO = NO;
				MTL_FAST_MATH = YES;
				SDKROOT = iphoneos;
				SWIFT_COMPILATION_MODE = wholemodule;
				SWIFT_OPTIMIZATION_LEVEL = "-O";
				VALIDATE_PRODUCT = YES;
			};
			name = Release;
		};
		495F9FC02589F5250043E2F2 /* Debug */ = {
			isa = XCBuildConfiguration;
			buildSettings = {
				ASSETCATALOG_COMPILER_APPICON_NAME = AppIcon;
				ASSETCATALOG_COMPILER_GLOBAL_ACCENT_COLOR_NAME = AccentColor;
				CODE_SIGN_STYLE = Automatic;
				DEVELOPMENT_TEAM = TCNB8WT23T;
				INFOPLIST_FILE = ClimaApp/Info.plist;
				LD_RUNPATH_SEARCH_PATHS = (
					"$(inherited)",
					"@executable_path/Frameworks",
				);
				PRODUCT_BUNDLE_IDENTIFIER = com.hhp5.ClimaApp;
				PRODUCT_NAME = "$(TARGET_NAME)";
				SWIFT_VERSION = 5.0;
				TARGETED_DEVICE_FAMILY = "1,2";
			};
			name = Debug;
		};
		495F9FC12589F5250043E2F2 /* Release */ = {
			isa = XCBuildConfiguration;
			buildSettings = {
				ASSETCATALOG_COMPILER_APPICON_NAME = AppIcon;
				ASSETCATALOG_COMPILER_GLOBAL_ACCENT_COLOR_NAME = AccentColor;
				CODE_SIGN_STYLE = Automatic;
				DEVELOPMENT_TEAM = TCNB8WT23T;
				INFOPLIST_FILE = ClimaApp/Info.plist;
				LD_RUNPATH_SEARCH_PATHS = (
					"$(inherited)",
					"@executable_path/Frameworks",
				);
				PRODUCT_BUNDLE_IDENTIFIER = com.hhp5.ClimaApp;
				PRODUCT_NAME = "$(TARGET_NAME)";
				SWIFT_VERSION = 5.0;
				TARGETED_DEVICE_FAMILY = "1,2";
			};
			name = Release;
		};
/* End XCBuildConfiguration section */

/* Begin XCConfigurationList section */
		495F9FA62589F5240043E2F2 /* Build configuration list for PBXProject "ClimaApp" */ = {
			isa = XCConfigurationList;
			buildConfigurations = (
				495F9FBD2589F5250043E2F2 /* Debug */,
				495F9FBE2589F5250043E2F2 /* Release */,
			);
			defaultConfigurationIsVisible = 0;
			defaultConfigurationName = Release;
		};
		495F9FBF2589F5250043E2F2 /* Build configuration list for PBXNativeTarget "ClimaApp" */ = {
			isa = XCConfigurationList;
			buildConfigurations = (
				495F9FC02589F5250043E2F2 /* Debug */,
				495F9FC12589F5250043E2F2 /* Release */,
			);
			defaultConfigurationIsVisible = 0;
			defaultConfigurationName = Release;
		};
/* End XCConfigurationList section */
	};
	rootObject = 495F9FA32589F5240043E2F2 /* Project object */;
}
